
Microsoft Visual Studio Solution File, Format Version 12.00
# Visual Studio Version 17
VisualStudioVersion = 17.9.34723.18
MinimumVisualStudioVersion = 10.0.40219.1
Project("{FAE04EC0-301F-11D3-BF4B-00C04F79EFBC}") = "AiroHelper", "AiroHelper\AiroHelper.csproj", "{155A18A6-D675-469D-982A-73176BD4822C}"
EndProject
Global
	GlobalSection(SolutionConfigurationPlatforms) = preSolution
		Debug|Any CPU = Debug|Any CPU
		Release|Any CPU = Release|Any CPU
	EndGlobalSection
	GlobalSection(ProjectConfigurationPlatforms) = postSolution
		{155A18A6-D675-469D-982A-73176BD4822C}.Debug|Any CPU.ActiveCfg = Debug|Any CPU
		{155A18A6-D675-469D-982A-73176BD4822C}.Debug|Any CPU.Build.0 = Debug|Any CPU
		{155A18A6-D675-469D-982A-73176BD4822C}.Release|Any CPU.ActiveCfg = Release|Any CPU
		{155A18A6-D675-469D-982A-73176BD4822C}.Release|Any CPU.Build.0 = Release|Any CPU
	EndGlobalSection
	GlobalSection(SolutionProperties) = preSolution
		HideSolutionNode = FALSE
	EndGlobalSection
	GlobalSection(ExtensibilityGlobals) = postSolution
		SolutionGuid = {7F7746CE-4BA2-42A2-AD8B-4B44CA8A262B}
	EndGlobalSection
EndGlobal
